
Microsoft Visual Studio Solution File, Format Version 12.00
# Visual Studio Version 16
VisualStudioVersion = 25.0.1705.4
MinimumVisualStudioVersion = 10.0.40219.1
Project("{FAE04EC0-301F-11D3-BF4B-00C04F79EFBC}") = "buildify-backend", "buildify-backend\buildify-backend.csproj", "{5B52A1A4-0C9A-46D9-BFEF-408322F8CF9B}"
EndProject
Project("{FAE04EC0-301F-11D3-BF4B-00C04F79EFBC}") = "buildify-backend-repository", "buildify-backend-repository\buildify-backend-repository.csproj", "{A20A2484-E24B-4299-904A-36DB0F5D51EA}"
EndProject
Project("{FAE04EC0-301F-11D3-BF4B-00C04F79EFBC}") = "buildify-backend-models", "buildify-backend-models\buildify-backend-models.csproj", "{DE2018FB-3333-4880-BD0F-71C413CF3048}"
EndProject
Global
	GlobalSection(SolutionConfigurationPlatforms) = preSolution
		Debug|Any CPU = Debug|Any CPU
		Release|Any CPU = Release|Any CPU
	EndGlobalSection
	GlobalSection(ProjectConfigurationPlatforms) = postSolution
		{5B52A1A4-0C9A-46D9-BFEF-408322F8CF9B}.Debug|Any CPU.ActiveCfg = Debug|Any CPU
		{5B52A1A4-0C9A-46D9-BFEF-408322F8CF9B}.Debug|Any CPU.Build.0 = Debug|Any CPU
		{5B52A1A4-0C9A-46D9-BFEF-408322F8CF9B}.Release|Any CPU.ActiveCfg = Release|Any CPU
		{5B52A1A4-0C9A-46D9-BFEF-408322F8CF9B}.Release|Any CPU.Build.0 = Release|Any CPU
		{A20A2484-E24B-4299-904A-36DB0F5D51EA}.Debug|Any CPU.ActiveCfg = Debug|Any CPU
		{A20A2484-E24B-4299-904A-36DB0F5D51EA}.Debug|Any CPU.Build.0 = Debug|Any CPU
		{A20A2484-E24B-4299-904A-36DB0F5D51EA}.Release|Any CPU.ActiveCfg = Release|Any CPU
		{A20A2484-E24B-4299-904A-36DB0F5D51EA}.Release|Any CPU.Build.0 = Release|Any CPU
		{DE2018FB-3333-4880-BD0F-71C413CF3048}.Debug|Any CPU.ActiveCfg = Debug|Any CPU
		{DE2018FB-3333-4880-BD0F-71C413CF3048}.Debug|Any CPU.Build.0 = Debug|Any CPU
		{DE2018FB-3333-4880-BD0F-71C413CF3048}.Release|Any CPU.ActiveCfg = Release|Any CPU
		{DE2018FB-3333-4880-BD0F-71C413CF3048}.Release|Any CPU.Build.0 = Release|Any CPU
	EndGlobalSection
	GlobalSection(SolutionProperties) = preSolution
		HideSolutionNode = FALSE
	EndGlobalSection
	GlobalSection(ExtensibilityGlobals) = postSolution
		SolutionGuid = {D9052067-3E33-4B25-A814-C537BA4C9DB9}
	EndGlobalSection
EndGlobal
