
Microsoft Visual Studio Solution File, Format Version 12.00
# Visual Studio Version 16
VisualStudioVersion = 25.0.1705.4
MinimumVisualStudioVersion = 10.0.40219.1
Project("{FAE04EC0-301F-11D3-BF4B-00C04F79EFBC}") = "buildifyy-backend", "buildifyy-backend\buildifyy-backend.csproj", "{BE9C42A4-ED86-47B6-9901-AB19E6A0D058}"
EndProject
Project("{FAE04EC0-301F-11D3-BF4B-00C04F79EFBC}") = "buildifyy-backend-models", "buildifyy-backend-models\buildifyy-backend-models.csproj", "{1E8C75C4-6098-4086-9A4A-C3BD2861601F}"
EndProject
Project("{FAE04EC0-301F-11D3-BF4B-00C04F79EFBC}") = "buildifyy-backend-repository", "buildifyy-backend-repository\buildifyy-backend-repository.csproj", "{4CE2A246-E7D9-4367-B7AC-FD12143724C7}"
EndProject
Project("{2150E333-8FDC-42A3-9474-1A3956D46DE8}") = "Solution Items", "Solution Items", "{6217720C-AC17-4716-B1BE-15A57B590744}"
	ProjectSection(SolutionItems) = preProject
		README.md = README.md
	EndProjectSection
EndProject
Project("{FAE04EC0-301F-11D3-BF4B-00C04F79EFBC}") = "buildifyy-backend-service", "buildifyy-backend-service\buildifyy-backend-service.csproj", "{F0C795B6-8721-41D7-B7D2-9983667A7669}"
EndProject
Global
	GlobalSection(SolutionConfigurationPlatforms) = preSolution
		Debug|Any CPU = Debug|Any CPU
		Release|Any CPU = Release|Any CPU
	EndGlobalSection
	GlobalSection(ProjectConfigurationPlatforms) = postSolution
		{BE9C42A4-ED86-47B6-9901-AB19E6A0D058}.Debug|Any CPU.ActiveCfg = Debug|Any CPU
		{BE9C42A4-ED86-47B6-9901-AB19E6A0D058}.Debug|Any CPU.Build.0 = Debug|Any CPU
		{BE9C42A4-ED86-47B6-9901-AB19E6A0D058}.Release|Any CPU.ActiveCfg = Release|Any CPU
		{BE9C42A4-ED86-47B6-9901-AB19E6A0D058}.Release|Any CPU.Build.0 = Release|Any CPU
		{1E8C75C4-6098-4086-9A4A-C3BD2861601F}.Debug|Any CPU.ActiveCfg = Debug|Any CPU
		{1E8C75C4-6098-4086-9A4A-C3BD2861601F}.Debug|Any CPU.Build.0 = Debug|Any CPU
		{1E8C75C4-6098-4086-9A4A-C3BD2861601F}.Release|Any CPU.ActiveCfg = Release|Any CPU
		{1E8C75C4-6098-4086-9A4A-C3BD2861601F}.Release|Any CPU.Build.0 = Release|Any CPU
		{4CE2A246-E7D9-4367-B7AC-FD12143724C7}.Debug|Any CPU.ActiveCfg = Debug|Any CPU
		{4CE2A246-E7D9-4367-B7AC-FD12143724C7}.Debug|Any CPU.Build.0 = Debug|Any CPU
		{4CE2A246-E7D9-4367-B7AC-FD12143724C7}.Release|Any CPU.ActiveCfg = Release|Any CPU
		{4CE2A246-E7D9-4367-B7AC-FD12143724C7}.Release|Any CPU.Build.0 = Release|Any CPU
		{F0C795B6-8721-41D7-B7D2-9983667A7669}.Debug|Any CPU.ActiveCfg = Debug|Any CPU
		{F0C795B6-8721-41D7-B7D2-9983667A7669}.Debug|Any CPU.Build.0 = Debug|Any CPU
		{F0C795B6-8721-41D7-B7D2-9983667A7669}.Release|Any CPU.ActiveCfg = Release|Any CPU
		{F0C795B6-8721-41D7-B7D2-9983667A7669}.Release|Any CPU.Build.0 = Release|Any CPU
	EndGlobalSection
	GlobalSection(SolutionProperties) = preSolution
		HideSolutionNode = FALSE
	EndGlobalSection
	GlobalSection(ExtensibilityGlobals) = postSolution
		SolutionGuid = {D9052067-3E33-4B25-A814-C537BA4C9DB9}
	EndGlobalSection
EndGlobal
